
Microsoft Visual Studio Solution File, Format Version 12.00
# Visual Studio 2013
VisualStudioVersion = 12.0.31101.0
MinimumVisualStudioVersion = 10.0.40219.1
Project("{FAE04EC0-301F-11D3-BF4B-00C04F79EFBC}") = "TranslatorizerConsole", "TranslatorizerConsole.csproj", "{34E910DB-3D14-4891-8B3C-538009CF3CB2}"
EndProject
Project("{FAE04EC0-301F-11D3-BF4B-00C04F79EFBC}") = "ResxTranslator", "ResxTranslator\ResxTranslator.csproj", "{684F3413-9ED7-4542-8B22-261B419BB95F}"
EndProject
Global
	GlobalSection(SolutionConfigurationPlatforms) = preSolution
		Debug|Any CPU = Debug|Any CPU
		Release|Any CPU = Release|Any CPU
	EndGlobalSection
	GlobalSection(ProjectConfigurationPlatforms) = postSolution
		{34E910DB-3D14-4891-8B3C-538009CF3CB2}.Debug|Any CPU.ActiveCfg = Debug|Any CPU
		{34E910DB-3D14-4891-8B3C-538009CF3CB2}.Debug|Any CPU.Build.0 = Debug|Any CPU
		{34E910DB-3D14-4891-8B3C-538009CF3CB2}.Release|Any CPU.ActiveCfg = Release|Any CPU
		{34E910DB-3D14-4891-8B3C-538009CF3CB2}.Release|Any CPU.Build.0 = Release|Any CPU
		{684F3413-9ED7-4542-8B22-261B419BB95F}.Debug|Any CPU.ActiveCfg = Debug|Any CPU
		{684F3413-9ED7-4542-8B22-261B419BB95F}.Debug|Any CPU.Build.0 = Debug|Any CPU
		{684F3413-9ED7-4542-8B22-261B419BB95F}.Release|Any CPU.ActiveCfg = Release|Any CPU
		{684F3413-9ED7-4542-8B22-261B419BB95F}.Release|Any CPU.Build.0 = Release|Any CPU
	EndGlobalSection
	GlobalSection(SolutionProperties) = preSolution
		HideSolutionNode = FALSE
	EndGlobalSection
EndGlobal
